
Microsoft Visual Studio Solution File, Format Version 12.00
# Visual Studio Version 17
VisualStudioVersion = 17.8.34408.163
MinimumVisualStudioVersion = 10.0.40219.1
Project("{FAE04EC0-301F-11D3-BF4B-00C04F79EFBC}") = "Pronia", "Pronia\Pronia.csproj", "{F7327E26-CB40-4826-B415-E9D1135B4015}"
EndProject
Global
	GlobalSection(SolutionConfigurationPlatforms) = preSolution
		Debug|Any CPU = Debug|Any CPU
		Release|Any CPU = Release|Any CPU
	EndGlobalSection
	GlobalSection(ProjectConfigurationPlatforms) = postSolution
		{F7327E26-CB40-4826-B415-E9D1135B4015}.Debug|Any CPU.ActiveCfg = Debug|Any CPU
		{F7327E26-CB40-4826-B415-E9D1135B4015}.Debug|Any CPU.Build.0 = Debug|Any CPU
		{F7327E26-CB40-4826-B415-E9D1135B4015}.Release|Any CPU.ActiveCfg = Release|Any CPU
		{F7327E26-CB40-4826-B415-E9D1135B4015}.Release|Any CPU.Build.0 = Release|Any CPU
	EndGlobalSection
	GlobalSection(SolutionProperties) = preSolution
		HideSolutionNode = FALSE
	EndGlobalSection
	GlobalSection(ExtensibilityGlobals) = postSolution
		SolutionGuid = {F0BDD594-B9C7-4C3D-9B36-F77E188CCA42}
	EndGlobalSection
EndGlobal
